
Microsoft Visual Studio Solution File, Format Version 11.00
# Visual Studio 2010
Project("{FAE04EC0-301F-11D3-BF4B-00C04F79EFBC}") = "ExamplesControl", "ExamplesControl\ExamplesControl.csproj", "{7EADAA34-A2A3-4C09-8293-0C902C586903}"
EndProject
Global
	GlobalSection(SolutionConfigurationPlatforms) = preSolution
		Debug|Any CPU = Debug|Any CPU
		Release|Any CPU = Release|Any CPU
	EndGlobalSection
	GlobalSection(ProjectConfigurationPlatforms) = postSolution
		{7EADAA34-A2A3-4C09-8293-0C902C586903}.Debug|Any CPU.ActiveCfg = Debug|Any CPU
		{7EADAA34-A2A3-4C09-8293-0C902C586903}.Debug|Any CPU.Build.0 = Debug|Any CPU
		{7EADAA34-A2A3-4C09-8293-0C902C586903}.Release|Any CPU.ActiveCfg = Release|Any CPU
		{7EADAA34-A2A3-4C09-8293-0C902C586903}.Release|Any CPU.Build.0 = Release|Any CPU
	EndGlobalSection
	GlobalSection(SolutionProperties) = preSolution
		HideSolutionNode = FALSE
	EndGlobalSection
EndGlobal
